// !$*UTF8*$!
{
	archiveVersion = 1;
	classes = {
	};
	objectVersion = 46;
	objects = {

/* Begin PBXBuildFile section */
		375CB95B1B4C774000BEE888 /* Images.xcassets in Resources */ = {isa = PBXBuildFile; fileRef = 375CB95A1B4C774000BEE888 /* Images.xcassets */; };
		37AE8D491B4C390100536AE2 /* AppDelegate.swift in Sources */ = {isa = PBXBuildFile; fileRef = 37AE8D481B4C390100536AE2 /* AppDelegate.swift */; };
		37AE8D4B1B4C390100536AE2 /* MasterViewController.swift in Sources */ = {isa = PBXBuildFile; fileRef = 37AE8D4A1B4C390100536AE2 /* MasterViewController.swift */; };
		37AE8D4D1B4C390100536AE2 /* DetailViewController.swift in Sources */ = {isa = PBXBuildFile; fileRef = 37AE8D4C1B4C390100536AE2 /* DetailViewController.swift */; };
		37AE8D501B4C390100536AE2 /* Main.storyboard in Resources */ = {isa = PBXBuildFile; fileRef = 37AE8D4E1B4C390100536AE2 /* Main.storyboard */; };
		37AE8D551B4C390100536AE2 /* LaunchScreen.xib in Resources */ = {isa = PBXBuildFile; fileRef = 37AE8D531B4C390100536AE2 /* LaunchScreen.xib */; };
		37AE8D611B4C390100536AE2 /* ProvaTests.swift in Sources */ = {isa = PBXBuildFile; fileRef = 37AE8D601B4C390100536AE2 /* ProvaTests.swift */; };
		37AE8D6D1B4C3F3A00536AE2 /* Lib.swift in Sources */ = {isa = PBXBuildFile; fileRef = 37AE8D6C1B4C3F3A00536AE2 /* Lib.swift */; };
		37AE8D6F1B4C402F00536AE2 /* Article.swift in Sources */ = {isa = PBXBuildFile; fileRef = 37AE8D6E1B4C402F00536AE2 /* Article.swift */; };
		37AE8D731B4C444F00536AE2 /* ArticleTableViewCell.swift in Sources */ = {isa = PBXBuildFile; fileRef = 37AE8D721B4C444F00536AE2 /* ArticleTableViewCell.swift */; };
		C49BE207A4862C6F596D7566 /* Pods_Prova.framework in Frameworks */ = {isa = PBXBuildFile; fileRef = FE23C005245F07008004EA26 /* Pods_Prova.framework */; settings = {ATTRIBUTES = (Weak, ); }; };
/* End PBXBuildFile section */

/* Begin PBXContainerItemProxy section */
		37AE8D5B1B4C390100536AE2 /* PBXContainerItemProxy */ = {
			isa = PBXContainerItemProxy;
			containerPortal = 37AE8D3B1B4C390100536AE2 /* Project object */;
			proxyType = 1;
			remoteGlobalIDString = 37AE8D421B4C390100536AE2;
			remoteInfo = Prova;
		};
/* End PBXContainerItemProxy section */

/* Begin PBXFileReference section */
		0CDE0070A16CF967A25C2381 /* Pods-Prova.release.xcconfig */ = {isa = PBXFileReference; includeInIndex = 1; lastKnownFileType = text.xcconfig; name = "Pods-Prova.release.xcconfig"; path = "Pods/Target Support Files/Pods-Prova/Pods-Prova.release.xcconfig"; sourceTree = "<group>"; };
		375CB95A1B4C774000BEE888 /* Images.xcassets */ = {isa = PBXFileReference; lastKnownFileType = folder.assetcatalog; path = Images.xcassets; sourceTree = "<group>"; };
		37AE8D431B4C390100536AE2 /* Prova.app */ = {isa = PBXFileReference; explicitFileType = wrapper.application; includeInIndex = 0; path = Prova.app; sourceTree = BUILT_PRODUCTS_DIR; };
		37AE8D471B4C390100536AE2 /* Info.plist */ = {isa = PBXFileReference; lastKnownFileType = text.plist.xml; path = Info.plist; sourceTree = "<group>"; };
		37AE8D481B4C390100536AE2 /* AppDelegate.swift */ = {isa = PBXFileReference; lastKnownFileType = sourcecode.swift; path = AppDelegate.swift; sourceTree = "<group>"; };
		37AE8D4A1B4C390100536AE2 /* MasterViewController.swift */ = {isa = PBXFileReference; lastKnownFileType = sourcecode.swift; path = MasterViewController.swift; sourceTree = "<group>"; };
		37AE8D4C1B4C390100536AE2 /* DetailViewController.swift */ = {isa = PBXFileReference; lastKnownFileType = sourcecode.swift; path = DetailViewController.swift; sourceTree = "<group>"; };
		37AE8D4F1B4C390100536AE2 /* Base */ = {isa = PBXFileReference; lastKnownFileType = file.storyboard; name = Base; path = Base.lproj/Main.storyboard; sourceTree = "<group>"; };
		37AE8D541B4C390100536AE2 /* Base */ = {isa = PBXFileReference; lastKnownFileType = file.xib; name = Base; path = Base.lproj/LaunchScreen.xib; sourceTree = "<group>"; };
		37AE8D5A1B4C390100536AE2 /* ProvaTests.xctest */ = {isa = PBXFileReference; explicitFileType = wrapper.cfbundle; includeInIndex = 0; path = ProvaTests.xctest; sourceTree = BUILT_PRODUCTS_DIR; };
		37AE8D5F1B4C390100536AE2 /* Info.plist */ = {isa = PBXFileReference; lastKnownFileType = text.plist.xml; path = Info.plist; sourceTree = "<group>"; };
		37AE8D601B4C390100536AE2 /* ProvaTests.swift */ = {isa = PBXFileReference; lastKnownFileType = sourcecode.swift; path = ProvaTests.swift; sourceTree = "<group>"; };
		37AE8D6C1B4C3F3A00536AE2 /* Lib.swift */ = {isa = PBXFileReference; fileEncoding = 4; lastKnownFileType = sourcecode.swift; path = Lib.swift; sourceTree = "<group>"; };
		37AE8D6E1B4C402F00536AE2 /* Article.swift */ = {isa = PBXFileReference; fileEncoding = 4; lastKnownFileType = sourcecode.swift; path = Article.swift; sourceTree = "<group>"; };
		37AE8D721B4C444F00536AE2 /* ArticleTableViewCell.swift */ = {isa = PBXFileReference; fileEncoding = 4; lastKnownFileType = sourcecode.swift; path = ArticleTableViewCell.swift; sourceTree = "<group>"; };
		37AE8D761B4C4C1B00536AE2 /* README.md */ = {isa = PBXFileReference; fileEncoding = 4; lastKnownFileType = net.daringfireball.markdown; name = README.md; path = ../README.md; sourceTree = "<group>"; };
		7EA5534C0D637BB7681D0C2E /* Pods-Prova.debug.xcconfig */ = {isa = PBXFileReference; includeInIndex = 1; lastKnownFileType = text.xcconfig; name = "Pods-Prova.debug.xcconfig"; path = "Pods/Target Support Files/Pods-Prova/Pods-Prova.debug.xcconfig"; sourceTree = "<group>"; };
		FE23C005245F07008004EA26 /* Pods_Prova.framework */ = {isa = PBXFileReference; explicitFileType = wrapper.framework; includeInIndex = 0; path = Pods_Prova.framework; sourceTree = BUILT_PRODUCTS_DIR; };
/* End PBXFileReference section */

/* Begin PBXFrameworksBuildPhase section */
		37AE8D401B4C390100536AE2 /* Frameworks */ = {
			isa = PBXFrameworksBuildPhase;
			buildActionMask = 2147483647;
			files = (
				C49BE207A4862C6F596D7566 /* Pods_Prova.framework in Frameworks */,
			);
			runOnlyForDeploymentPostprocessing = 0;
		};
		37AE8D571B4C390100536AE2 /* Frameworks */ = {
			isa = PBXFrameworksBuildPhase;
			buildActionMask = 2147483647;
			files = (
			);
			runOnlyForDeploymentPostprocessing = 0;
		};
/* End PBXFrameworksBuildPhase section */

/* Begin PBXGroup section */
		37AE8D3A1B4C390100536AE2 = {
			isa = PBXGroup;
			children = (
				37AE8D451B4C390100536AE2 /* Prova */,
				37AE8D5D1B4C390100536AE2 /* ProvaTests */,
				37AE8D441B4C390100536AE2 /* Products */,
				DB35F85F92B51A4F5D7EB818 /* Pods */,
				89BD1BA596886B9FE1CECE30 /* Frameworks */,
			);
			sourceTree = "<group>";
		};
		37AE8D441B4C390100536AE2 /* Products */ = {
			isa = PBXGroup;
			children = (
				37AE8D431B4C390100536AE2 /* Prova.app */,
				37AE8D5A1B4C390100536AE2 /* ProvaTests.xctest */,
			);
			name = Products;
			sourceTree = "<group>";
		};
		37AE8D451B4C390100536AE2 /* Prova */ = {
			isa = PBXGroup;
			children = (
				37AE8D481B4C390100536AE2 /* AppDelegate.swift */,
				37AE8D4A1B4C390100536AE2 /* MasterViewController.swift */,
				37AE8D4C1B4C390100536AE2 /* DetailViewController.swift */,
				37AE8D6C1B4C3F3A00536AE2 /* Lib.swift */,
				37AE8D6E1B4C402F00536AE2 /* Article.swift */,
				37AE8D721B4C444F00536AE2 /* ArticleTableViewCell.swift */,
				37AE8D4E1B4C390100536AE2 /* Main.storyboard */,
				37AE8D531B4C390100536AE2 /* LaunchScreen.xib */,
				375CB95A1B4C774000BEE888 /* Images.xcassets */,
				37AE8D761B4C4C1B00536AE2 /* README.md */,
				37AE8D461B4C390100536AE2 /* Supporting Files */,
			);
			path = Prova;
			sourceTree = "<group>";
		};
		37AE8D461B4C390100536AE2 /* Supporting Files */ = {
			isa = PBXGroup;
			children = (
				37AE8D471B4C390100536AE2 /* Info.plist */,
			);
			name = "Supporting Files";
			sourceTree = "<group>";
		};
		37AE8D5D1B4C390100536AE2 /* ProvaTests */ = {
			isa = PBXGroup;
			children = (
				37AE8D601B4C390100536AE2 /* ProvaTests.swift */,
				37AE8D5E1B4C390100536AE2 /* Supporting Files */,
			);
			path = ProvaTests;
			sourceTree = "<group>";
		};
		37AE8D5E1B4C390100536AE2 /* Supporting Files */ = {
			isa = PBXGroup;
			children = (
				37AE8D5F1B4C390100536AE2 /* Info.plist */,
			);
			name = "Supporting Files";
			sourceTree = "<group>";
		};
		89BD1BA596886B9FE1CECE30 /* Frameworks */ = {
			isa = PBXGroup;
			children = (
				FE23C005245F07008004EA26 /* Pods_Prova.framework */,
			);
			name = Frameworks;
			sourceTree = "<group>";
		};
		DB35F85F92B51A4F5D7EB818 /* Pods */ = {
			isa = PBXGroup;
			children = (
				7EA5534C0D637BB7681D0C2E /* Pods-Prova.debug.xcconfig */,
				0CDE0070A16CF967A25C2381 /* Pods-Prova.release.xcconfig */,
			);
			name = Pods;
			sourceTree = "<group>";
		};
/* End PBXGroup section */

/* Begin PBXNativeTarget section */
		37AE8D421B4C390100536AE2 /* Prova */ = {
			isa = PBXNativeTarget;
			buildConfigurationList = 37AE8D641B4C390100536AE2 /* Build configuration list for PBXNativeTarget "Prova" */;
			buildPhases = (
				0B94D5FF53E17844442A9D8B /* Check Pods Manifest.lock */,
				37AE8D3F1B4C390100536AE2 /* Sources */,
				37AE8D401B4C390100536AE2 /* Frameworks */,
				37AE8D411B4C390100536AE2 /* Resources */,
				330C70DE3FFF318E7C456787 /* Embed Pods Frameworks */,
				F438D235A350452D6D872359 /* Copy Pods Resources */,
			);
			buildRules = (
			);
			dependencies = (
			);
			name = Prova;
			productName = Prova;
			productReference = 37AE8D431B4C390100536AE2 /* Prova.app */;
			productType = "com.apple.product-type.application";
		};
		37AE8D591B4C390100536AE2 /* ProvaTests */ = {
			isa = PBXNativeTarget;
			buildConfigurationList = 37AE8D671B4C390100536AE2 /* Build configuration list for PBXNativeTarget "ProvaTests" */;
			buildPhases = (
				37AE8D561B4C390100536AE2 /* Sources */,
				37AE8D571B4C390100536AE2 /* Frameworks */,
				37AE8D581B4C390100536AE2 /* Resources */,
			);
			buildRules = (
			);
			dependencies = (
				37AE8D5C1B4C390100536AE2 /* PBXTargetDependency */,
			);
			name = ProvaTests;
			productName = ProvaTests;
			productReference = 37AE8D5A1B4C390100536AE2 /* ProvaTests.xctest */;
			productType = "com.apple.product-type.bundle.unit-test";
		};
/* End PBXNativeTarget section */

/* Begin PBXProject section */
		37AE8D3B1B4C390100536AE2 /* Project object */ = {
			isa = PBXProject;
			attributes = {
				LastUpgradeCheck = 0640;
				ORGANIZATIONNAME = "Daniel Bonates";
				TargetAttributes = {
					37AE8D421B4C390100536AE2 = {
						CreatedOnToolsVersion = 6.4;
					};
					37AE8D591B4C390100536AE2 = {
						CreatedOnToolsVersion = 6.4;
						TestTargetID = 37AE8D421B4C390100536AE2;
					};
				};
			};
			buildConfigurationList = 37AE8D3E1B4C390100536AE2 /* Build configuration list for PBXProject "Prova" */;
			compatibilityVersion = "Xcode 3.2";
			developmentRegion = English;
			hasScannedForEncodings = 0;
			knownRegions = (
				en,
				Base,
			);
			mainGroup = 37AE8D3A1B4C390100536AE2;
			productRefGroup = 37AE8D441B4C390100536AE2 /* Products */;
			projectDirPath = "";
			projectRoot = "";
			targets = (
				37AE8D421B4C390100536AE2 /* Prova */,
				37AE8D591B4C390100536AE2 /* ProvaTests */,
			);
		};
/* End PBXProject section */

/* Begin PBXResourcesBuildPhase section */
		37AE8D411B4C390100536AE2 /* Resources */ = {
			isa = PBXResourcesBuildPhase;
			buildActionMask = 2147483647;
			files = (
				375CB95B1B4C774000BEE888 /* Images.xcassets in Resources */,
				37AE8D501B4C390100536AE2 /* Main.storyboard in Resources */,
				37AE8D551B4C390100536AE2 /* LaunchScreen.xib in Resources */,
			);
			runOnlyForDeploymentPostprocessing = 0;
		};
		37AE8D581B4C390100536AE2 /* Resources */ = {
			isa = PBXResourcesBuildPhase;
			buildActionMask = 2147483647;
			files = (
			);
			runOnlyForDeploymentPostprocessing = 0;
		};
/* End PBXResourcesBuildPhase section */

/* Begin PBXShellScriptBuildPhase section */
		0B94D5FF53E17844442A9D8B /* Check Pods Manifest.lock */ = {
			isa = PBXShellScriptBuildPhase;
			buildActionMask = 2147483647;
			files = (
			);
			inputPaths = (
			);
			name = "Check Pods Manifest.lock";
			outputPaths = (
			);
			runOnlyForDeploymentPostprocessing = 0;
			shellPath = /bin/sh;
			shellScript = "diff \"${PODS_ROOT}/../Podfile.lock\" \"${PODS_ROOT}/Manifest.lock\" > /dev/null\nif [[ $? != 0 ]] ; then\n    cat << EOM\nerror: The sandbox is not in sync with the Podfile.lock. Run 'pod install' or update your CocoaPods installation.\nEOM\n    exit 1\nfi\n";
			showEnvVarsInLog = 0;
		};
		330C70DE3FFF318E7C456787 /* Embed Pods Frameworks */ = {
			isa = PBXShellScriptBuildPhase;
			buildActionMask = 2147483647;
			files = (
			);
			inputPaths = (
			);
			name = "Embed Pods Frameworks";
			outputPaths = (
			);
			runOnlyForDeploymentPostprocessing = 0;
			shellPath = /bin/sh;
			shellScript = "\"${SRCROOT}/Pods/Target Support Files/Pods-Prova/Pods-Prova-frameworks.sh\"\n";
			showEnvVarsInLog = 0;
		};
		F438D235A350452D6D872359 /* Copy Pods Resources */ = {
			isa = PBXShellScriptBuildPhase;
			buildActionMask = 2147483647;
			files = (
			);
			inputPaths = (
			);
			name = "Copy Pods Resources";
			outputPaths = (
			);
			runOnlyForDeploymentPostprocessing = 0;
			shellPath = /bin/sh;
			shellScript = "\"${SRCROOT}/Pods/Target Support Files/Pods-Prova/Pods-Prova-resources.sh\"\n";
			showEnvVarsInLog = 0;
		};
/* End PBXShellScriptBuildPhase section */

/* Begin PBXSourcesBuildPhase section */
		37AE8D3F1B4C390100536AE2 /* Sources */ = {
			isa = PBXSourcesBuildPhase;
			buildActionMask = 2147483647;
			files = (
				37AE8D4D1B4C390100536AE2 /* DetailViewController.swift in Sources */,
				37AE8D4B1B4C390100536AE2 /* MasterViewController.swift in Sources */,
				37AE8D491B4C390100536AE2 /* AppDelegate.swift in Sources */,
				37AE8D6D1B4C3F3A00536AE2 /* Lib.swift in Sources */,
				37AE8D731B4C444F00536AE2 /* ArticleTableViewCell.swift in Sources */,
				37AE8D6F1B4C402F00536AE2 /* Article.swift in Sources */,
			);
			runOnlyForDeploymentPostprocessing = 0;
		};
		37AE8D561B4C390100536AE2 /* Sources */ = {
			isa = PBXSourcesBuildPhase;
			buildActionMask = 2147483647;
			files = (
				37AE8D611B4C390100536AE2 /* ProvaTests.swift in Sources */,
			);
			runOnlyForDeploymentPostprocessing = 0;
		};
/* End PBXSourcesBuildPhase section */

/* Begin PBXTargetDependency section */
		37AE8D5C1B4C390100536AE2 /* PBXTargetDependency */ = {
			isa = PBXTargetDependency;
			target = 37AE8D421B4C390100536AE2 /* Prova */;
			targetProxy = 37AE8D5B1B4C390100536AE2 /* PBXContainerItemProxy */;
		};
/* End PBXTargetDependency section */

/* Begin PBXVariantGroup section */
		37AE8D4E1B4C390100536AE2 /* Main.storyboard */ = {
			isa = PBXVariantGroup;
			children = (
				37AE8D4F1B4C390100536AE2 /* Base */,
			);
			name = Main.storyboard;
			sourceTree = "<group>";
		};
		37AE8D531B4C390100536AE2 /* LaunchScreen.xib */ = {
			isa = PBXVariantGroup;
			children = (
				37AE8D541B4C390100536AE2 /* Base */,
			);
			name = LaunchScreen.xib;
			sourceTree = "<group>";
		};
/* End PBXVariantGroup section */

/* Begin XCBuildConfiguration section */
		37AE8D621B4C390100536AE2 /* Debug */ = {
			isa = XCBuildConfiguration;
			buildSettings = {
				ALWAYS_SEARCH_USER_PATHS = NO;
				CLANG_CXX_LANGUAGE_STANDARD = "gnu++0x";
				CLANG_CXX_LIBRARY = "libc++";
				CLANG_ENABLE_MODULES = YES;
				CLANG_ENABLE_OBJC_ARC = YES;
				CLANG_WARN_BOOL_CONVERSION = YES;
				CLANG_WARN_CONSTANT_CONVERSION = YES;
				CLANG_WARN_DIRECT_OBJC_ISA_USAGE = YES_ERROR;
				CLANG_WARN_EMPTY_BODY = YES;
				CLANG_WARN_ENUM_CONVERSION = YES;
				CLANG_WARN_INT_CONVERSION = YES;
				CLANG_WARN_OBJC_ROOT_CLASS = YES_ERROR;
				CLANG_WARN_UNREACHABLE_CODE = YES;
				CLANG_WARN__DUPLICATE_METHOD_MATCH = YES;
				"CODE_SIGN_IDENTITY[sdk=iphoneos*]" = "iPhone Developer";
				COPY_PHASE_STRIP = NO;
				DEBUG_INFORMATION_FORMAT = "dwarf-with-dsym";
				ENABLE_STRICT_OBJC_MSGSEND = YES;
				GCC_C_LANGUAGE_STANDARD = gnu99;
				GCC_DYNAMIC_NO_PIC = NO;
				GCC_NO_COMMON_BLOCKS = YES;
				GCC_OPTIMIZATION_LEVEL = 0;
				GCC_PREPROCESSOR_DEFINITIONS = (
					"DEBUG=1",
					"$(inherited)",
				);
				GCC_SYMBOLS_PRIVATE_EXTERN = NO;
				GCC_WARN_64_TO_32_BIT_CONVERSION = YES;
				GCC_WARN_ABOUT_RETURN_TYPE = YES_ERROR;
				GCC_WARN_UNDECLARED_SELECTOR = YES;
				GCC_WARN_UNINITIALIZED_AUTOS = YES_AGGRESSIVE;
				GCC_WARN_UNUSED_FUNCTION = YES;
				GCC_WARN_UNUSED_VARIABLE = YES;
				IPHONEOS_DEPLOYMENT_TARGET = 8.4;
				MTL_ENABLE_DEBUG_INFO = YES;
				ONLY_ACTIVE_ARCH = YES;
				SDKROOT = iphoneos;
				SWIFT_OPTIMIZATION_LEVEL = "-Onone";
				TARGETED_DEVICE_FAMILY = "1,2";
			};
			name = Debug;
		};
		37AE8D631B4C390100536AE2 /* Release */ = {
			isa = XCBuildConfiguration;
			buildSettings = {
				ALWAYS_SEARCH_USER_PATHS = NO;
				CLANG_CXX_LANGUAGE_STANDARD = "gnu++0x";
				CLANG_CXX_LIBRARY = "libc++";
				CLANG_ENABLE_MODULES = YES;
				CLANG_ENABLE_OBJC_ARC = YES;
				CLANG_WARN_BOOL_CONVERSION = YES;
				CLANG_WARN_CONSTANT_CONVERSION = YES;
				CLANG_WARN_DIRECT_OBJC_ISA_USAGE = YES_ERROR;
				CLANG_WARN_EMPTY_BODY = YES;
				CLANG_WARN_ENUM_CONVERSION = YES;
				CLANG_WARN_INT_CONVERSION = YES;
				CLANG_WARN_OBJC_ROOT_CLASS = YES_ERROR;
				CLANG_WARN_UNREACHABLE_CODE = YES;
				CLANG_WARN__DUPLICATE_METHOD_MATCH = YES;
				"CODE_SIGN_IDENTITY[sdk=iphoneos*]" = "iPhone Developer";
				COPY_PHASE_STRIP = NO;
				DEBUG_INFORMATION_FORMAT = "dwarf-with-dsym";
				ENABLE_NS_ASSERTIONS = NO;
				ENABLE_STRICT_OBJC_MSGSEND = YES;
				GCC_C_LANGUAGE_STANDARD = gnu99;
				GCC_NO_COMMON_BLOCKS = YES;
				GCC_WARN_64_TO_32_BIT_CONVERSION = YES;
				GCC_WARN_ABOUT_RETURN_TYPE = YES_ERROR;
				GCC_WARN_UNDECLARED_SELECTOR = YES;
				GCC_WARN_UNINITIALIZED_AUTOS = YES_AGGRESSIVE;
				GCC_WARN_UNUSED_FUNCTION = YES;
				GCC_WARN_UNUSED_VARIABLE = YES;
				IPHONEOS_DEPLOYMENT_TARGET = 8.4;
				MTL_ENABLE_DEBUG_INFO = NO;
				SDKROOT = iphoneos;
				TARGETED_DEVICE_FAMILY = "1,2";
				VALIDATE_PRODUCT = YES;
			};
			name = Release;
		};
		37AE8D651B4C390100536AE2 /* Debug */ = {
			isa = XCBuildConfiguration;
			baseConfigurationReference = 7EA5534C0D637BB7681D0C2E /* Pods-Prova.debug.xcconfig */;
			buildSettings = {
				ASSETCATALOG_COMPILER_APPICON_NAME = AppIcon;
				INFOPLIST_FILE = Prova/Info.plist;
				LD_RUNPATH_SEARCH_PATHS = "$(inherited) @executable_path/Frameworks";
				PRODUCT_NAME = "$(TARGET_NAME)";
			};
			name = Debug;
		};
		37AE8D661B4C390100536AE2 /* Release */ = {
			isa = XCBuildConfiguration;
			baseConfigurationReference = 0CDE0070A16CF967A25C2381 /* Pods-Prova.release.xcconfig */;
			buildSettings = {
				ASSETCATALOG_COMPILER_APPICON_NAME = AppIcon;
				INFOPLIST_FILE = Prova/Info.plist;
				LD_RUNPATH_SEARCH_PATHS = "$(inherited) @executable_path/Frameworks";
				PRODUCT_NAME = "$(TARGET_NAME)";
			};
			name = Release;
		};
		37AE8D681B4C390100536AE2 /* Debug */ = {
			isa = XCBuildConfiguration;
			buildSettings = {
				BUNDLE_LOADER = "$(TEST_HOST)";
				FRAMEWORK_SEARCH_PATHS = (
					"$(SDKROOT)/Developer/Library/Frameworks",
					"$(inherited)",
				);
				GCC_PREPROCESSOR_DEFINITIONS = (
					"DEBUG=1",
					"$(inherited)",
				);
				INFOPLIST_FILE = ProvaTests/Info.plist;
				LD_RUNPATH_SEARCH_PATHS = "$(inherited) @executable_path/Frameworks @loader_path/Frameworks";
				PRODUCT_NAME = "$(TARGET_NAME)";
				TEST_HOST = "$(BUILT_PRODUCTS_DIR)/Prova.app/Prova";
			};
			name = Debug;
		};
		37AE8D691B4C390100536AE2 /* Release */ = {
			isa = XCBuildConfiguration;
			buildSettings = {
				BUNDLE_LOADER = "$(TEST_HOST)";
				FRAMEWORK_SEARCH_PATHS = (
					"$(SDKROOT)/Developer/Library/Frameworks",
					"$(inherited)",
				);
				INFOPLIST_FILE = ProvaTests/Info.plist;
				LD_RUNPATH_SEARCH_PATHS = "$(inherited) @executable_path/Frameworks @loader_path/Frameworks";
				PRODUCT_NAME = "$(TARGET_NAME)";
				TEST_HOST = "$(BUILT_PRODUCTS_DIR)/Prova.app/Prova";
			};
			name = Release;
		};
/* End XCBuildConfiguration section */

/* Begin XCConfigurationList section */
		37AE8D3E1B4C390100536AE2 /* Build configuration list for PBXProject "Prova" */ = {
			isa = XCConfigurationList;
			buildConfigurations = (
				37AE8D621B4C390100536AE2 /* Debug */,
				37AE8D631B4C390100536AE2 /* Release */,
			);
			defaultConfigurationIsVisible = 0;
			defaultConfigurationName = Release;
		};
		37AE8D641B4C390100536AE2 /* Build configuration list for PBXNativeTarget "Prova" */ = {
			isa = XCConfigurationList;
			buildConfigurations = (
				37AE8D651B4C390100536AE2 /* Debug */,
				37AE8D661B4C390100536AE2 /* Release */,
			);
			defaultConfigurationIsVisible = 0;
			defaultConfigurationName = Release;
		};
		37AE8D671B4C390100536AE2 /* Build configuration list for PBXNativeTarget "ProvaTests" */ = {
			isa = XCConfigurationList;
			buildConfigurations = (
				37AE8D681B4C390100536AE2 /* Debug */,
				37AE8D691B4C390100536AE2 /* Release */,
			);
			defaultConfigurationIsVisible = 0;
			defaultConfigurationName = Release;
		};
/* End XCConfigurationList section */
	};
	rootObject = 37AE8D3B1B4C390100536AE2 /* Project object */;
}
